// !$*UTF8*$!
{
	archiveVersion = 1;
	classes = {
	};
	objectVersion = 55;
	objects = {

/* Begin PBXBuildFile section */
		E297ECD327DF51DA007808B0 /* AudioRedactorSwiftUIApp.swift in Sources */ = {isa = PBXBuildFile; fileRef = E297ECD227DF51DA007808B0 /* AudioRedactorSwiftUIApp.swift */; };
		E297ECD527DF51DA007808B0 /* ContentView.swift in Sources */ = {isa = PBXBuildFile; fileRef = E297ECD427DF51DA007808B0 /* ContentView.swift */; };
		E297ECD727DF51DA007808B0 /* Assets.xcassets in Resources */ = {isa = PBXBuildFile; fileRef = E297ECD627DF51DA007808B0 /* Assets.xcassets */; };
		E297ECDA27DF51DA007808B0 /* Preview Assets.xcassets in Resources */ = {isa = PBXBuildFile; fileRef = E297ECD927DF51DA007808B0 /* Preview Assets.xcassets */; };
		E297ECE527DF52E0007808B0 /* 01 The St. Louis Blues.m4a in Resources */ = {isa = PBXBuildFile; fileRef = E297ECE427DF52E0007808B0 /* 01 The St. Louis Blues.m4a */; };
		E297ECE727DF52E5007808B0 /* otbivka.mp3 in Resources */ = {isa = PBXBuildFile; fileRef = E297ECE627DF52E5007808B0 /* otbivka.mp3 */; };
		E297ECE927DF52EA007808B0 /* Scott Buckley - Life In Silico.mp3 in Resources */ = {isa = PBXBuildFile; fileRef = E297ECE827DF52EA007808B0 /* Scott Buckley - Life In Silico.mp3 */; };
		E297ECED27DF57B7007808B0 /* TimeManager.swift in Sources */ = {isa = PBXBuildFile; fileRef = E297ECEC27DF57B7007808B0 /* TimeManager.swift */; };
		E297ECEF27DF57BD007808B0 /* SettingManager.swift in Sources */ = {isa = PBXBuildFile; fileRef = E297ECEE27DF57BD007808B0 /* SettingManager.swift */; };
		E297ECF127DF57FB007808B0 /* ButtonsManager.swift in Sources */ = {isa = PBXBuildFile; fileRef = E297ECF027DF57FB007808B0 /* ButtonsManager.swift */; };
		E297ECF327DF58C1007808B0 /* SlidersManager.swift in Sources */ = {isa = PBXBuildFile; fileRef = E297ECF227DF58C1007808B0 /* SlidersManager.swift */; };
		E297ECF527DF7D3D007808B0 /* VolumeFrameModel.swift in Sources */ = {isa = PBXBuildFile; fileRef = E297ECF427DF7D3D007808B0 /* VolumeFrameModel.swift */; };
		E297ECF727DF7D90007808B0 /* EffectFrameModel.swift in Sources */ = {isa = PBXBuildFile; fileRef = E297ECF627DF7D90007808B0 /* EffectFrameModel.swift */; };
		E297ECF927DF7DC8007808B0 /* SongModel.swift in Sources */ = {isa = PBXBuildFile; fileRef = E297ECF827DF7DC8007808B0 /* SongModel.swift */; };
		E297ECFB27DF7DF3007808B0 /* AudioDataModel.swift in Sources */ = {isa = PBXBuildFile; fileRef = E297ECFA27DF7DF3007808B0 /* AudioDataModel.swift */; };
		E297ECFD27DF7E1F007808B0 /* AudioFrameModel.swift in Sources */ = {isa = PBXBuildFile; fileRef = E297ECFC27DF7E1F007808B0 /* AudioFrameModel.swift */; };
		E297ED0027DF7EF5007808B0 /* SongsDataManager.swift in Sources */ = {isa = PBXBuildFile; fileRef = E297ECFF27DF7EF5007808B0 /* SongsDataManager.swift */; };
/* End PBXBuildFile section */

/* Begin PBXFileReference section */
		E297ECCF27DF51DA007808B0 /* AudioRedactorSwiftUI.app */ = {isa = PBXFileReference; explicitFileType = wrapper.application; includeInIndex = 0; path = AudioRedactorSwiftUI.app; sourceTree = BUILT_PRODUCTS_DIR; };
		E297ECD227DF51DA007808B0 /* AudioRedactorSwiftUIApp.swift */ = {isa = PBXFileReference; lastKnownFileType = sourcecode.swift; path = AudioRedactorSwiftUIApp.swift; sourceTree = "<group>"; };
		E297ECD427DF51DA007808B0 /* ContentView.swift */ = {isa = PBXFileReference; lastKnownFileType = sourcecode.swift; path = ContentView.swift; sourceTree = "<group>"; };
		E297ECD627DF51DA007808B0 /* Assets.xcassets */ = {isa = PBXFileReference; lastKnownFileType = folder.assetcatalog; path = Assets.xcassets; sourceTree = "<group>"; };
		E297ECD927DF51DA007808B0 /* Preview Assets.xcassets */ = {isa = PBXFileReference; lastKnownFileType = folder.assetcatalog; path = "Preview Assets.xcassets"; sourceTree = "<group>"; };
		E297ECE427DF52E0007808B0 /* 01 The St. Louis Blues.m4a */ = {isa = PBXFileReference; lastKnownFileType = file; path = "01 The St. Louis Blues.m4a"; sourceTree = "<group>"; };
		E297ECE627DF52E5007808B0 /* otbivka.mp3 */ = {isa = PBXFileReference; lastKnownFileType = audio.mp3; path = otbivka.mp3; sourceTree = "<group>"; };
		E297ECE827DF52EA007808B0 /* Scott Buckley - Life In Silico.mp3 */ = {isa = PBXFileReference; lastKnownFileType = audio.mp3; path = "Scott Buckley - Life In Silico.mp3"; sourceTree = "<group>"; };
		E297ECEC27DF57B7007808B0 /* TimeManager.swift */ = {isa = PBXFileReference; fileEncoding = 4; lastKnownFileType = sourcecode.swift; path = TimeManager.swift; sourceTree = "<group>"; };
		E297ECEE27DF57BD007808B0 /* SettingManager.swift */ = {isa = PBXFileReference; fileEncoding = 4; lastKnownFileType = sourcecode.swift; path = SettingManager.swift; sourceTree = "<group>"; };
		E297ECF027DF57FB007808B0 /* ButtonsManager.swift */ = {isa = PBXFileReference; fileEncoding = 4; lastKnownFileType = sourcecode.swift; path = ButtonsManager.swift; sourceTree = "<group>"; };
		E297ECF227DF58C1007808B0 /* SlidersManager.swift */ = {isa = PBXFileReference; fileEncoding = 4; lastKnownFileType = sourcecode.swift; path = SlidersManager.swift; sourceTree = "<group>"; };
		E297ECF427DF7D3D007808B0 /* VolumeFrameModel.swift */ = {isa = PBXFileReference; fileEncoding = 4; lastKnownFileType = sourcecode.swift; path = VolumeFrameModel.swift; sourceTree = "<group>"; };
		E297ECF627DF7D90007808B0 /* EffectFrameModel.swift */ = {isa = PBXFileReference; fileEncoding = 4; lastKnownFileType = sourcecode.swift; path = EffectFrameModel.swift; sourceTree = "<group>"; };
		E297ECF827DF7DC8007808B0 /* SongModel.swift */ = {isa = PBXFileReference; fileEncoding = 4; lastKnownFileType = sourcecode.swift; path = SongModel.swift; sourceTree = "<group>"; };
		E297ECFA27DF7DF3007808B0 /* AudioDataModel.swift */ = {isa = PBXFileReference; fileEncoding = 4; lastKnownFileType = sourcecode.swift; path = AudioDataModel.swift; sourceTree = "<group>"; };
		E297ECFC27DF7E1F007808B0 /* AudioFrameModel.swift */ = {isa = PBXFileReference; fileEncoding = 4; lastKnownFileType = sourcecode.swift; path = AudioFrameModel.swift; sourceTree = "<group>"; };
		E297ECFF27DF7EF5007808B0 /* SongsDataManager.swift */ = {isa = PBXFileReference; fileEncoding = 4; lastKnownFileType = sourcecode.swift; path = SongsDataManager.swift; sourceTree = "<group>"; };
/* End PBXFileReference section */

/* Begin PBXFrameworksBuildPhase section */
		E297ECCC27DF51DA007808B0 /* Frameworks */ = {
			isa = PBXFrameworksBuildPhase;
			buildActionMask = 2147483647;
			files = (
			);
			runOnlyForDeploymentPostprocessing = 0;
		};
/* End PBXFrameworksBuildPhase section */

/* Begin PBXGroup section */
		E297ECC627DF51DA007808B0 = {
			isa = PBXGroup;
			children = (
				E297ECD127DF51DA007808B0 /* AudioRedactorSwiftUI */,
				E297ECD027DF51DA007808B0 /* Products */,
			);
			sourceTree = "<group>";
		};
		E297ECD027DF51DA007808B0 /* Products */ = {
			isa = PBXGroup;
			children = (
				E297ECCF27DF51DA007808B0 /* AudioRedactorSwiftUI.app */,
			);
			name = Products;
			sourceTree = "<group>";
		};
		E297ECD127DF51DA007808B0 /* AudioRedactorSwiftUI */ = {
			isa = PBXGroup;
			children = (
				E297ECD227DF51DA007808B0 /* AudioRedactorSwiftUIApp.swift */,
				E297ECE127DF51FF007808B0 /* View */,
				E297ECE227DF5206007808B0 /* ViewModel */,
				E297ECFE27DF7ECF007808B0 /* DataManager */,
				E297ECE027DF51F5007808B0 /* Model */,
				E297ECE327DF5249007808B0 /* Resources */,
				E297ECEB27DF54A1007808B0 /* Services */,
				E297ECD627DF51DA007808B0 /* Assets.xcassets */,
				E297ECD827DF51DA007808B0 /* Preview Content */,
			);
			path = AudioRedactorSwiftUI;
			sourceTree = "<group>";
		};
		E297ECD827DF51DA007808B0 /* Preview Content */ = {
			isa = PBXGroup;
			children = (
				E297ECD927DF51DA007808B0 /* Preview Assets.xcassets */,
			);
			path = "Preview Content";
			sourceTree = "<group>";
		};
		E297ECE027DF51F5007808B0 /* Model */ = {
			isa = PBXGroup;
			children = (
				E297ECFC27DF7E1F007808B0 /* AudioFrameModel.swift */,
				E297ECFA27DF7DF3007808B0 /* AudioDataModel.swift */,
				E297ECF627DF7D90007808B0 /* EffectFrameModel.swift */,
				E297ECF427DF7D3D007808B0 /* VolumeFrameModel.swift */,
				E297ECF827DF7DC8007808B0 /* SongModel.swift */,
			);
			path = Model;
			sourceTree = "<group>";
		};
		E297ECE127DF51FF007808B0 /* View */ = {
			isa = PBXGroup;
			children = (
				E297ECD427DF51DA007808B0 /* ContentView.swift */,
			);
			path = View;
			sourceTree = "<group>";
		};
		E297ECE227DF5206007808B0 /* ViewModel */ = {
			isa = PBXGroup;
			children = (
			);
			path = ViewModel;
			sourceTree = "<group>";
		};
		E297ECE327DF5249007808B0 /* Resources */ = {
			isa = PBXGroup;
			children = (
				E297ECEA27DF53F3007808B0 /* AudioFiles */,
			);
			path = Resources;
			sourceTree = "<group>";
		};
		E297ECEA27DF53F3007808B0 /* AudioFiles */ = {
			isa = PBXGroup;
			children = (
				E297ECE827DF52EA007808B0 /* Scott Buckley - Life In Silico.mp3 */,
				E297ECE627DF52E5007808B0 /* otbivka.mp3 */,
				E297ECE427DF52E0007808B0 /* 01 The St. Louis Blues.m4a */,
			);
			path = AudioFiles;
			sourceTree = "<group>";
		};
		E297ECEB27DF54A1007808B0 /* Services */ = {
			isa = PBXGroup;
			children = (
				E297ECF227DF58C1007808B0 /* SlidersManager.swift */,
				E297ECF027DF57FB007808B0 /* ButtonsManager.swift */,
				E297ECEE27DF57BD007808B0 /* SettingManager.swift */,
				E297ECEC27DF57B7007808B0 /* TimeManager.swift */,
			);
			path = Services;
			sourceTree = "<group>";
		};
		E297ECFE27DF7ECF007808B0 /* DataManager */ = {
			isa = PBXGroup;
			children = (
				E297ECFF27DF7EF5007808B0 /* SongsDataManager.swift */,
			);
			path = DataManager;
			sourceTree = "<group>";
		};
/* End PBXGroup section */

/* Begin PBXNativeTarget section */
		E297ECCE27DF51DA007808B0 /* AudioRedactorSwiftUI */ = {
			isa = PBXNativeTarget;
			buildConfigurationList = E297ECDD27DF51DA007808B0 /* Build configuration list for PBXNativeTarget "AudioRedactorSwiftUI" */;
			buildPhases = (
				E297ECCB27DF51DA007808B0 /* Sources */,
				E297ECCC27DF51DA007808B0 /* Frameworks */,
				E297ECCD27DF51DA007808B0 /* Resources */,
			);
			buildRules = (
			);
			dependencies = (
			);
			name = AudioRedactorSwiftUI;
			productName = AudioRedactorSwiftUI;
			productReference = E297ECCF27DF51DA007808B0 /* AudioRedactorSwiftUI.app */;
			productType = "com.apple.product-type.application";
		};
/* End PBXNativeTarget section */

/* Begin PBXProject section */
		E297ECC727DF51DA007808B0 /* Project object */ = {
			isa = PBXProject;
			attributes = {
				BuildIndependentTargetsInParallel = 1;
				LastSwiftUpdateCheck = 1320;
				LastUpgradeCheck = 1320;
				TargetAttributes = {
					E297ECCE27DF51DA007808B0 = {
						CreatedOnToolsVersion = 13.2.1;
					};
				};
			};
			buildConfigurationList = E297ECCA27DF51DA007808B0 /* Build configuration list for PBXProject "AudioRedactorSwiftUI" */;
			compatibilityVersion = "Xcode 13.0";
			developmentRegion = en;
			hasScannedForEncodings = 0;
			knownRegions = (
				en,
				Base,
			);
			mainGroup = E297ECC627DF51DA007808B0;
			productRefGroup = E297ECD027DF51DA007808B0 /* Products */;
			projectDirPath = "";
			projectRoot = "";
			targets = (
				E297ECCE27DF51DA007808B0 /* AudioRedactorSwiftUI */,
			);
		};
/* End PBXProject section */

/* Begin PBXResourcesBuildPhase section */
		E297ECCD27DF51DA007808B0 /* Resources */ = {
			isa = PBXResourcesBuildPhase;
			buildActionMask = 2147483647;
			files = (
				E297ECDA27DF51DA007808B0 /* Preview Assets.xcassets in Resources */,
				E297ECE727DF52E5007808B0 /* otbivka.mp3 in Resources */,
				E297ECD727DF51DA007808B0 /* Assets.xcassets in Resources */,
				E297ECE927DF52EA007808B0 /* Scott Buckley - Life In Silico.mp3 in Resources */,
				E297ECE527DF52E0007808B0 /* 01 The St. Louis Blues.m4a in Resources */,
			);
			runOnlyForDeploymentPostprocessing = 0;
		};
/* End PBXResourcesBuildPhase section */

/* Begin PBXSourcesBuildPhase section */
		E297ECCB27DF51DA007808B0 /* Sources */ = {
			isa = PBXSourcesBuildPhase;
			buildActionMask = 2147483647;
			files = (
				E297ECF127DF57FB007808B0 /* ButtonsManager.swift in Sources */,
				E297ECEF27DF57BD007808B0 /* SettingManager.swift in Sources */,
				E297ECF727DF7D90007808B0 /* EffectFrameModel.swift in Sources */,
				E297ECD527DF51DA007808B0 /* ContentView.swift in Sources */,
				E297ECFD27DF7E1F007808B0 /* AudioFrameModel.swift in Sources */,
				E297ECF527DF7D3D007808B0 /* VolumeFrameModel.swift in Sources */,
				E297ECD327DF51DA007808B0 /* AudioRedactorSwiftUIApp.swift in Sources */,
				E297ECF927DF7DC8007808B0 /* SongModel.swift in Sources */,
				E297ED0027DF7EF5007808B0 /* SongsDataManager.swift in Sources */,
				E297ECED27DF57B7007808B0 /* TimeManager.swift in Sources */,
				E297ECFB27DF7DF3007808B0 /* AudioDataModel.swift in Sources */,
				E297ECF327DF58C1007808B0 /* SlidersManager.swift in Sources */,
			);
			runOnlyForDeploymentPostprocessing = 0;
		};
/* End PBXSourcesBuildPhase section */

/* Begin XCBuildConfiguration section */
		E297ECDB27DF51DA007808B0 /* Debug */ = {
			isa = XCBuildConfiguration;
			buildSettings = {
				ALWAYS_SEARCH_USER_PATHS = NO;
				CLANG_ANALYZER_NONNULL = YES;
				CLANG_ANALYZER_NUMBER_OBJECT_CONVERSION = YES_AGGRESSIVE;
				CLANG_CXX_LANGUAGE_STANDARD = "gnu++17";
				CLANG_CXX_LIBRARY = "libc++";
				CLANG_ENABLE_MODULES = YES;
				CLANG_ENABLE_OBJC_ARC = YES;
				CLANG_ENABLE_OBJC_WEAK = YES;
				CLANG_WARN_BLOCK_CAPTURE_AUTORELEASING = YES;
				CLANG_WARN_BOOL_CONVERSION = YES;
				CLANG_WARN_COMMA = YES;
				CLANG_WARN_CONSTANT_CONVERSION = YES;
				CLANG_WARN_DEPRECATED_OBJC_IMPLEMENTATIONS = YES;
				CLANG_WARN_DIRECT_OBJC_ISA_USAGE = YES_ERROR;
				CLANG_WARN_DOCUMENTATION_COMMENTS = YES;
				CLANG_WARN_EMPTY_BODY = YES;
				CLANG_WARN_ENUM_CONVERSION = YES;
				CLANG_WARN_INFINITE_RECURSION = YES;
				CLANG_WARN_INT_CONVERSION = YES;
				CLANG_WARN_NON_LITERAL_NULL_CONVERSION = YES;
				CLANG_WARN_OBJC_IMPLICIT_RETAIN_SELF = YES;
				CLANG_WARN_OBJC_LITERAL_CONVERSION = YES;
				CLANG_WARN_OBJC_ROOT_CLASS = YES_ERROR;
				CLANG_WARN_QUOTED_INCLUDE_IN_FRAMEWORK_HEADER = YES;
				CLANG_WARN_RANGE_LOOP_ANALYSIS = YES;
				CLANG_WARN_STRICT_PROTOTYPES = YES;
				CLANG_WARN_SUSPICIOUS_MOVE = YES;
				CLANG_WARN_UNGUARDED_AVAILABILITY = YES_AGGRESSIVE;
				CLANG_WARN_UNREACHABLE_CODE = YES;
				CLANG_WARN__DUPLICATE_METHOD_MATCH = YES;
				COPY_PHASE_STRIP = NO;
				DEBUG_INFORMATION_FORMAT = dwarf;
				ENABLE_STRICT_OBJC_MSGSEND = YES;
				ENABLE_TESTABILITY = YES;
				GCC_C_LANGUAGE_STANDARD = gnu11;
				GCC_DYNAMIC_NO_PIC = NO;
				GCC_NO_COMMON_BLOCKS = YES;
				GCC_OPTIMIZATION_LEVEL = 0;
				GCC_PREPROCESSOR_DEFINITIONS = (
					"DEBUG=1",
					"$(inherited)",
				);
				GCC_WARN_64_TO_32_BIT_CONVERSION = YES;
				GCC_WARN_ABOUT_RETURN_TYPE = YES_ERROR;
				GCC_WARN_UNDECLARED_SELECTOR = YES;
				GCC_WARN_UNINITIALIZED_AUTOS = YES_AGGRESSIVE;
				GCC_WARN_UNUSED_FUNCTION = YES;
				GCC_WARN_UNUSED_VARIABLE = YES;
				IPHONEOS_DEPLOYMENT_TARGET = 15.2;
				MTL_ENABLE_DEBUG_INFO = INCLUDE_SOURCE;
				MTL_FAST_MATH = YES;
				ONLY_ACTIVE_ARCH = YES;
				SDKROOT = iphoneos;
				SWIFT_ACTIVE_COMPILATION_CONDITIONS = DEBUG;
				SWIFT_OPTIMIZATION_LEVEL = "-Onone";
			};
			name = Debug;
		};
		E297ECDC27DF51DA007808B0 /* Release */ = {
			isa = XCBuildConfiguration;
			buildSettings = {
				ALWAYS_SEARCH_USER_PATHS = NO;
				CLANG_ANALYZER_NONNULL = YES;
				CLANG_ANALYZER_NUMBER_OBJECT_CONVERSION = YES_AGGRESSIVE;
				CLANG_CXX_LANGUAGE_STANDARD = "gnu++17";
				CLANG_CXX_LIBRARY = "libc++";
				CLANG_ENABLE_MODULES = YES;
				CLANG_ENABLE_OBJC_ARC = YES;
				CLANG_ENABLE_OBJC_WEAK = YES;
				CLANG_WARN_BLOCK_CAPTURE_AUTORELEASING = YES;
				CLANG_WARN_BOOL_CONVERSION = YES;
				CLANG_WARN_COMMA = YES;
				CLANG_WARN_CONSTANT_CONVERSION = YES;
				CLANG_WARN_DEPRECATED_OBJC_IMPLEMENTATIONS = YES;
				CLANG_WARN_DIRECT_OBJC_ISA_USAGE = YES_ERROR;
				CLANG_WARN_DOCUMENTATION_COMMENTS = YES;
				CLANG_WARN_EMPTY_BODY = YES;
				CLANG_WARN_ENUM_CONVERSION = YES;
				CLANG_WARN_INFINITE_RECURSION = YES;
				CLANG_WARN_INT_CONVERSION = YES;
				CLANG_WARN_NON_LITERAL_NULL_CONVERSION = YES;
				CLANG_WARN_OBJC_IMPLICIT_RETAIN_SELF = YES;
				CLANG_WARN_OBJC_LITERAL_CONVERSION = YES;
				CLANG_WARN_OBJC_ROOT_CLASS = YES_ERROR;
				CLANG_WARN_QUOTED_INCLUDE_IN_FRAMEWORK_HEADER = YES;
				CLANG_WARN_RANGE_LOOP_ANALYSIS = YES;
				CLANG_WARN_STRICT_PROTOTYPES = YES;
				CLANG_WARN_SUSPICIOUS_MOVE = YES;
				CLANG_WARN_UNGUARDED_AVAILABILITY = YES_AGGRESSIVE;
				CLANG_WARN_UNREACHABLE_CODE = YES;
				CLANG_WARN__DUPLICATE_METHOD_MATCH = YES;
				COPY_PHASE_STRIP = NO;
				DEBUG_INFORMATION_FORMAT = "dwarf-with-dsym";
				ENABLE_NS_ASSERTIONS = NO;
				ENABLE_STRICT_OBJC_MSGSEND = YES;
				GCC_C_LANGUAGE_STANDARD = gnu11;
				GCC_NO_COMMON_BLOCKS = YES;
				GCC_WARN_64_TO_32_BIT_CONVERSION = YES;
				GCC_WARN_ABOUT_RETURN_TYPE = YES_ERROR;
				GCC_WARN_UNDECLARED_SELECTOR = YES;
				GCC_WARN_UNINITIALIZED_AUTOS = YES_AGGRESSIVE;
				GCC_WARN_UNUSED_FUNCTION = YES;
				GCC_WARN_UNUSED_VARIABLE = YES;
				IPHONEOS_DEPLOYMENT_TARGET = 15.2;
				MTL_ENABLE_DEBUG_INFO = NO;
				MTL_FAST_MATH = YES;
				SDKROOT = iphoneos;
				SWIFT_COMPILATION_MODE = wholemodule;
				SWIFT_OPTIMIZATION_LEVEL = "-O";
				VALIDATE_PRODUCT = YES;
			};
			name = Release;
		};
		E297ECDE27DF51DA007808B0 /* Debug */ = {
			isa = XCBuildConfiguration;
			buildSettings = {
				ASSETCATALOG_COMPILER_APPICON_NAME = AppIcon;
				ASSETCATALOG_COMPILER_GLOBAL_ACCENT_COLOR_NAME = AccentColor;
				CODE_SIGN_STYLE = Automatic;
				CURRENT_PROJECT_VERSION = 1;
				DEVELOPMENT_ASSET_PATHS = "\"AudioRedactorSwiftUI/Preview Content\"";
				DEVELOPMENT_TEAM = QD5349NP78;
				ENABLE_PREVIEWS = YES;
				GENERATE_INFOPLIST_FILE = YES;
				INFOPLIST_KEY_UIApplicationSceneManifest_Generation = YES;
				INFOPLIST_KEY_UIApplicationSupportsIndirectInputEvents = YES;
				INFOPLIST_KEY_UILaunchScreen_Generation = YES;
				INFOPLIST_KEY_UISupportedInterfaceOrientations_iPad = "UIInterfaceOrientationPortrait UIInterfaceOrientationPortraitUpsideDown UIInterfaceOrientationLandscapeLeft UIInterfaceOrientationLandscapeRight";
				INFOPLIST_KEY_UISupportedInterfaceOrientations_iPhone = "UIInterfaceOrientationPortrait UIInterfaceOrientationLandscapeLeft UIInterfaceOrientationLandscapeRight";
				LD_RUNPATH_SEARCH_PATHS = (
					"$(inherited)",
					"@executable_path/Frameworks",
				);
				MARKETING_VERSION = 1.0;
				PRODUCT_BUNDLE_IDENTIFIER = Panin.AudioRedactorSwiftUI;
				PRODUCT_NAME = "$(TARGET_NAME)";
				SWIFT_EMIT_LOC_STRINGS = YES;
				SWIFT_VERSION = 5.0;
				TARGETED_DEVICE_FAMILY = "1,2";
			};
			name = Debug;
		};
		E297ECDF27DF51DA007808B0 /* Release */ = {
			isa = XCBuildConfiguration;
			buildSettings = {
				ASSETCATALOG_COMPILER_APPICON_NAME = AppIcon;
				ASSETCATALOG_COMPILER_GLOBAL_ACCENT_COLOR_NAME = AccentColor;
				CODE_SIGN_STYLE = Automatic;
				CURRENT_PROJECT_VERSION = 1;
				DEVELOPMENT_ASSET_PATHS = "\"AudioRedactorSwiftUI/Preview Content\"";
				DEVELOPMENT_TEAM = QD5349NP78;
				ENABLE_PREVIEWS = YES;
				GENERATE_INFOPLIST_FILE = YES;
				INFOPLIST_KEY_UIApplicationSceneManifest_Generation = YES;
				INFOPLIST_KEY_UIApplicationSupportsIndirectInputEvents = YES;
				INFOPLIST_KEY_UILaunchScreen_Generation = YES;
				INFOPLIST_KEY_UISupportedInterfaceOrientations_iPad = "UIInterfaceOrientationPortrait UIInterfaceOrientationPortraitUpsideDown UIInterfaceOrientationLandscapeLeft UIInterfaceOrientationLandscapeRight";
				INFOPLIST_KEY_UISupportedInterfaceOrientations_iPhone = "UIInterfaceOrientationPortrait UIInterfaceOrientationLandscapeLeft UIInterfaceOrientationLandscapeRight";
				LD_RUNPATH_SEARCH_PATHS = (
					"$(inherited)",
					"@executable_path/Frameworks",
				);
				MARKETING_VERSION = 1.0;
				PRODUCT_BUNDLE_IDENTIFIER = Panin.AudioRedactorSwiftUI;
				PRODUCT_NAME = "$(TARGET_NAME)";
				SWIFT_EMIT_LOC_STRINGS = YES;
				SWIFT_VERSION = 5.0;
				TARGETED_DEVICE_FAMILY = "1,2";
			};
			name = Release;
		};
/* End XCBuildConfiguration section */

/* Begin XCConfigurationList section */
		E297ECCA27DF51DA007808B0 /* Build configuration list for PBXProject "AudioRedactorSwiftUI" */ = {
			isa = XCConfigurationList;
			buildConfigurations = (
				E297ECDB27DF51DA007808B0 /* Debug */,
				E297ECDC27DF51DA007808B0 /* Release */,
			);
			defaultConfigurationIsVisible = 0;
			defaultConfigurationName = Release;
		};
		E297ECDD27DF51DA007808B0 /* Build configuration list for PBXNativeTarget "AudioRedactorSwiftUI" */ = {
			isa = XCConfigurationList;
			buildConfigurations = (
				E297ECDE27DF51DA007808B0 /* Debug */,
				E297ECDF27DF51DA007808B0 /* Release */,
			);
			defaultConfigurationIsVisible = 0;
			defaultConfigurationName = Release;
		};
/* End XCConfigurationList section */
	};
	rootObject = E297ECC727DF51DA007808B0 /* Project object */;
}
